// !$*UTF8*$!
{
	archiveVersion = 1;
	classes = {
	};
	objectVersion = 56;
	objects = {

/* Begin PBXBuildFile section */
		2E33A0C529081AB600A88067 /* AppDelegate.swift in Sources */ = {isa = PBXBuildFile; fileRef = 2E33A0C429081AB600A88067 /* AppDelegate.swift */; };
		2E33A0C729081AB600A88067 /* SceneDelegate.swift in Sources */ = {isa = PBXBuildFile; fileRef = 2E33A0C629081AB600A88067 /* SceneDelegate.swift */; };
		2E33A0C929081AB600A88067 /* ViewController.swift in Sources */ = {isa = PBXBuildFile; fileRef = 2E33A0C829081AB600A88067 /* ViewController.swift */; };
		2E33A0CC29081AB600A88067 /* Main.storyboard in Resources */ = {isa = PBXBuildFile; fileRef = 2E33A0CA29081AB600A88067 /* Main.storyboard */; };
		2E33A0CE29081AB600A88067 /* Assets.xcassets in Resources */ = {isa = PBXBuildFile; fileRef = 2E33A0CD29081AB600A88067 /* Assets.xcassets */; };
		2E33A0D129081AB600A88067 /* LaunchScreen.storyboard in Resources */ = {isa = PBXBuildFile; fileRef = 2E33A0CF29081AB600A88067 /* LaunchScreen.storyboard */; };
		2E33A0D929081C2500A88067 /* NewsCell.swift in Sources */ = {isa = PBXBuildFile; fileRef = 2E33A0D829081C2500A88067 /* NewsCell.swift */; };
		2E33A0DF2908213100A88067 /* News.swift in Sources */ = {isa = PBXBuildFile; fileRef = 2E33A0DE2908213100A88067 /* News.swift */; };
		2E33A0E12908239000A88067 /* WebService.swift in Sources */ = {isa = PBXBuildFile; fileRef = 2E33A0E02908239000A88067 /* WebService.swift */; };
		2E33A0E3290862D300A88067 /* NewsViewModel.swift in Sources */ = {isa = PBXBuildFile; fileRef = 2E33A0E2290862D300A88067 /* NewsViewModel.swift */; };
/* End PBXBuildFile section */

/* Begin PBXFileReference section */
		2E33A0C129081AB600A88067 /* HaberProjesi.app */ = {isa = PBXFileReference; explicitFileType = wrapper.application; includeInIndex = 0; path = HaberProjesi.app; sourceTree = BUILT_PRODUCTS_DIR; };
		2E33A0C429081AB600A88067 /* AppDelegate.swift */ = {isa = PBXFileReference; lastKnownFileType = sourcecode.swift; path = AppDelegate.swift; sourceTree = "<group>"; };
		2E33A0C629081AB600A88067 /* SceneDelegate.swift */ = {isa = PBXFileReference; lastKnownFileType = sourcecode.swift; path = SceneDelegate.swift; sourceTree = "<group>"; };
		2E33A0C829081AB600A88067 /* ViewController.swift */ = {isa = PBXFileReference; lastKnownFileType = sourcecode.swift; path = ViewController.swift; sourceTree = "<group>"; };
		2E33A0CB29081AB600A88067 /* Base */ = {isa = PBXFileReference; lastKnownFileType = file.storyboard; name = Base; path = Base.lproj/Main.storyboard; sourceTree = "<group>"; };
		2E33A0CD29081AB600A88067 /* Assets.xcassets */ = {isa = PBXFileReference; lastKnownFileType = folder.assetcatalog; path = Assets.xcassets; sourceTree = "<group>"; };
		2E33A0D029081AB600A88067 /* Base */ = {isa = PBXFileReference; lastKnownFileType = file.storyboard; name = Base; path = Base.lproj/LaunchScreen.storyboard; sourceTree = "<group>"; };
		2E33A0D229081AB600A88067 /* Info.plist */ = {isa = PBXFileReference; lastKnownFileType = text.plist.xml; path = Info.plist; sourceTree = "<group>"; };
		2E33A0D829081C2500A88067 /* NewsCell.swift */ = {isa = PBXFileReference; lastKnownFileType = sourcecode.swift; path = NewsCell.swift; sourceTree = "<group>"; };
		2E33A0DE2908213100A88067 /* News.swift */ = {isa = PBXFileReference; lastKnownFileType = sourcecode.swift; path = News.swift; sourceTree = "<group>"; };
		2E33A0E02908239000A88067 /* WebService.swift */ = {isa = PBXFileReference; lastKnownFileType = sourcecode.swift; path = WebService.swift; sourceTree = "<group>"; };
		2E33A0E2290862D300A88067 /* NewsViewModel.swift */ = {isa = PBXFileReference; lastKnownFileType = sourcecode.swift; path = NewsViewModel.swift; sourceTree = "<group>"; };
/* End PBXFileReference section */

/* Begin PBXFrameworksBuildPhase section */
		2E33A0BE29081AB600A88067 /* Frameworks */ = {
			isa = PBXFrameworksBuildPhase;
			buildActionMask = 2147483647;
			files = (
			);
			runOnlyForDeploymentPostprocessing = 0;
		};
/* End PBXFrameworksBuildPhase section */

/* Begin PBXGroup section */
		2E33A0B829081AB600A88067 = {
			isa = PBXGroup;
			children = (
				2E33A0C329081AB600A88067 /* HaberProjesi */,
				2E33A0C229081AB600A88067 /* Products */,
			);
			sourceTree = "<group>";
		};
		2E33A0C229081AB600A88067 /* Products */ = {
			isa = PBXGroup;
			children = (
				2E33A0C129081AB600A88067 /* HaberProjesi.app */,
			);
			name = Products;
			sourceTree = "<group>";
		};
		2E33A0C329081AB600A88067 /* HaberProjesi */ = {
			isa = PBXGroup;
			children = (
				2E33A0DD2908210D00A88067 /* Service */,
				2E33A0DC2908210000A88067 /* ViewModel */,
				2E33A0DB290820FA00A88067 /* View */,
				2E33A0DA290820EE00A88067 /* Model */,
				2E33A0CA29081AB600A88067 /* Main.storyboard */,
				2E33A0CD29081AB600A88067 /* Assets.xcassets */,
				2E33A0CF29081AB600A88067 /* LaunchScreen.storyboard */,
				2E33A0D229081AB600A88067 /* Info.plist */,
			);
			path = HaberProjesi;
			sourceTree = "<group>";
		};
		2E33A0DA290820EE00A88067 /* Model */ = {
			isa = PBXGroup;
			children = (
				2E33A0DE2908213100A88067 /* News.swift */,
			);
			path = Model;
			sourceTree = "<group>";
		};
		2E33A0DB290820FA00A88067 /* View */ = {
			isa = PBXGroup;
			children = (
				2E33A0C429081AB600A88067 /* AppDelegate.swift */,
				2E33A0C629081AB600A88067 /* SceneDelegate.swift */,
				2E33A0C829081AB600A88067 /* ViewController.swift */,
				2E33A0D829081C2500A88067 /* NewsCell.swift */,
			);
			path = View;
			sourceTree = "<group>";
		};
		2E33A0DC2908210000A88067 /* ViewModel */ = {
			isa = PBXGroup;
			children = (
				2E33A0E2290862D300A88067 /* NewsViewModel.swift */,
			);
			path = ViewModel;
			sourceTree = "<group>";
		};
		2E33A0DD2908210D00A88067 /* Service */ = {
			isa = PBXGroup;
			children = (
				2E33A0E02908239000A88067 /* WebService.swift */,
			);
			path = Service;
			sourceTree = "<group>";
		};
/* End PBXGroup section */

/* Begin PBXNativeTarget section */
		2E33A0C029081AB600A88067 /* HaberProjesi */ = {
			isa = PBXNativeTarget;
			buildConfigurationList = 2E33A0D529081AB600A88067 /* Build configuration list for PBXNativeTarget "HaberProjesi" */;
			buildPhases = (
				2E33A0BD29081AB600A88067 /* Sources */,
				2E33A0BE29081AB600A88067 /* Frameworks */,
				2E33A0BF29081AB600A88067 /* Resources */,
			);
			buildRules = (
			);
			dependencies = (
			);
			name = HaberProjesi;
			productName = HaberProjesi;
			productReference = 2E33A0C129081AB600A88067 /* HaberProjesi.app */;
			productType = "com.apple.product-type.application";
		};
/* End PBXNativeTarget section */

/* Begin PBXProject section */
		2E33A0B929081AB600A88067 /* Project object */ = {
			isa = PBXProject;
			attributes = {
				BuildIndependentTargetsInParallel = 1;
				LastSwiftUpdateCheck = 1400;
				LastUpgradeCheck = 1400;
				TargetAttributes = {
					2E33A0C029081AB600A88067 = {
						CreatedOnToolsVersion = 14.0.1;
					};
				};
			};
			buildConfigurationList = 2E33A0BC29081AB600A88067 /* Build configuration list for PBXProject "HaberProjesi" */;
			compatibilityVersion = "Xcode 14.0";
			developmentRegion = en;
			hasScannedForEncodings = 0;
			knownRegions = (
				en,
				Base,
			);
			mainGroup = 2E33A0B829081AB600A88067;
			productRefGroup = 2E33A0C229081AB600A88067 /* Products */;
			projectDirPath = "";
			projectRoot = "";
			targets = (
				2E33A0C029081AB600A88067 /* HaberProjesi */,
			);
		};
/* End PBXProject section */

/* Begin PBXResourcesBuildPhase section */
		2E33A0BF29081AB600A88067 /* Resources */ = {
			isa = PBXResourcesBuildPhase;
			buildActionMask = 2147483647;
			files = (
				2E33A0D129081AB600A88067 /* LaunchScreen.storyboard in Resources */,
				2E33A0CE29081AB600A88067 /* Assets.xcassets in Resources */,
				2E33A0CC29081AB600A88067 /* Main.storyboard in Resources */,
			);
			runOnlyForDeploymentPostprocessing = 0;
		};
/* End PBXResourcesBuildPhase section */

/* Begin PBXSourcesBuildPhase section */
		2E33A0BD29081AB600A88067 /* Sources */ = {
			isa = PBXSourcesBuildPhase;
			buildActionMask = 2147483647;
			files = (
				2E33A0E12908239000A88067 /* WebService.swift in Sources */,
				2E33A0C929081AB600A88067 /* ViewController.swift in Sources */,
				2E33A0C529081AB600A88067 /* AppDelegate.swift in Sources */,
				2E33A0D929081C2500A88067 /* NewsCell.swift in Sources */,
				2E33A0E3290862D300A88067 /* NewsViewModel.swift in Sources */,
				2E33A0DF2908213100A88067 /* News.swift in Sources */,
				2E33A0C729081AB600A88067 /* SceneDelegate.swift in Sources */,
			);
			runOnlyForDeploymentPostprocessing = 0;
		};
/* End PBXSourcesBuildPhase section */

/* Begin PBXVariantGroup section */
		2E33A0CA29081AB600A88067 /* Main.storyboard */ = {
			isa = PBXVariantGroup;
			children = (
				2E33A0CB29081AB600A88067 /* Base */,
			);
			name = Main.storyboard;
			sourceTree = "<group>";
		};
		2E33A0CF29081AB600A88067 /* LaunchScreen.storyboard */ = {
			isa = PBXVariantGroup;
			children = (
				2E33A0D029081AB600A88067 /* Base */,
			);
			name = LaunchScreen.storyboard;
			sourceTree = "<group>";
		};
/* End PBXVariantGroup section */

/* Begin XCBuildConfiguration section */
		2E33A0D329081AB600A88067 /* Debug */ = {
			isa = XCBuildConfiguration;
			buildSettings = {
				ALWAYS_SEARCH_USER_PATHS = NO;
				CLANG_ANALYZER_NONNULL = YES;
				CLANG_ANALYZER_NUMBER_OBJECT_CONVERSION = YES_AGGRESSIVE;
				CLANG_CXX_LANGUAGE_STANDARD = "gnu++20";
				CLANG_ENABLE_MODULES = YES;
				CLANG_ENABLE_OBJC_ARC = YES;
				CLANG_ENABLE_OBJC_WEAK = YES;
				CLANG_WARN_BLOCK_CAPTURE_AUTORELEASING = YES;
				CLANG_WARN_BOOL_CONVERSION = YES;
				CLANG_WARN_COMMA = YES;
				CLANG_WARN_CONSTANT_CONVERSION = YES;
				CLANG_WARN_DEPRECATED_OBJC_IMPLEMENTATIONS = YES;
				CLANG_WARN_DIRECT_OBJC_ISA_USAGE = YES_ERROR;
				CLANG_WARN_DOCUMENTATION_COMMENTS = YES;
				CLANG_WARN_EMPTY_BODY = YES;
				CLANG_WARN_ENUM_CONVERSION = YES;
				CLANG_WARN_INFINITE_RECURSION = YES;
				CLANG_WARN_INT_CONVERSION = YES;
				CLANG_WARN_NON_LITERAL_NULL_CONVERSION = YES;
				CLANG_WARN_OBJC_IMPLICIT_RETAIN_SELF = YES;
				CLANG_WARN_OBJC_LITERAL_CONVERSION = YES;
				CLANG_WARN_OBJC_ROOT_CLASS = YES_ERROR;
				CLANG_WARN_QUOTED_INCLUDE_IN_FRAMEWORK_HEADER = YES;
				CLANG_WARN_RANGE_LOOP_ANALYSIS = YES;
				CLANG_WARN_STRICT_PROTOTYPES = YES;
				CLANG_WARN_SUSPICIOUS_MOVE = YES;
				CLANG_WARN_UNGUARDED_AVAILABILITY = YES_AGGRESSIVE;
				CLANG_WARN_UNREACHABLE_CODE = YES;
				CLANG_WARN__DUPLICATE_METHOD_MATCH = YES;
				COPY_PHASE_STRIP = NO;
				DEBUG_INFORMATION_FORMAT = dwarf;
				ENABLE_STRICT_OBJC_MSGSEND = YES;
				ENABLE_TESTABILITY = YES;
				GCC_C_LANGUAGE_STANDARD = gnu11;
				GCC_DYNAMIC_NO_PIC = NO;
				GCC_NO_COMMON_BLOCKS = YES;
				GCC_OPTIMIZATION_LEVEL = 0;
				GCC_PREPROCESSOR_DEFINITIONS = (
					"DEBUG=1",
					"$(inherited)",
				);
				GCC_WARN_64_TO_32_BIT_CONVERSION = YES;
				GCC_WARN_ABOUT_RETURN_TYPE = YES_ERROR;
				GCC_WARN_UNDECLARED_SELECTOR = YES;
				GCC_WARN_UNINITIALIZED_AUTOS = YES_AGGRESSIVE;
				GCC_WARN_UNUSED_FUNCTION = YES;
				GCC_WARN_UNUSED_VARIABLE = YES;
				IPHONEOS_DEPLOYMENT_TARGET = 16.0;
				MTL_ENABLE_DEBUG_INFO = INCLUDE_SOURCE;
				MTL_FAST_MATH = YES;
				ONLY_ACTIVE_ARCH = YES;
				SDKROOT = iphoneos;
				SWIFT_ACTIVE_COMPILATION_CONDITIONS = DEBUG;
				SWIFT_OPTIMIZATION_LEVEL = "-Onone";
			};
			name = Debug;
		};
		2E33A0D429081AB600A88067 /* Release */ = {
			isa = XCBuildConfiguration;
			buildSettings = {
				ALWAYS_SEARCH_USER_PATHS = NO;
				CLANG_ANALYZER_NONNULL = YES;
				CLANG_ANALYZER_NUMBER_OBJECT_CONVERSION = YES_AGGRESSIVE;
				CLANG_CXX_LANGUAGE_STANDARD = "gnu++20";
				CLANG_ENABLE_MODULES = YES;
				CLANG_ENABLE_OBJC_ARC = YES;
				CLANG_ENABLE_OBJC_WEAK = YES;
				CLANG_WARN_BLOCK_CAPTURE_AUTORELEASING = YES;
				CLANG_WARN_BOOL_CONVERSION = YES;
				CLANG_WARN_COMMA = YES;
				CLANG_WARN_CONSTANT_CONVERSION = YES;
				CLANG_WARN_DEPRECATED_OBJC_IMPLEMENTATIONS = YES;
				CLANG_WARN_DIRECT_OBJC_ISA_USAGE = YES_ERROR;
				CLANG_WARN_DOCUMENTATION_COMMENTS = YES;
				CLANG_WARN_EMPTY_BODY = YES;
				CLANG_WARN_ENUM_CONVERSION = YES;
				CLANG_WARN_INFINITE_RECURSION = YES;
				CLANG_WARN_INT_CONVERSION = YES;
				CLANG_WARN_NON_LITERAL_NULL_CONVERSION = YES;
				CLANG_WARN_OBJC_IMPLICIT_RETAIN_SELF = YES;
				CLANG_WARN_OBJC_LITERAL_CONVERSION = YES;
				CLANG_WARN_OBJC_ROOT_CLASS = YES_ERROR;
				CLANG_WARN_QUOTED_INCLUDE_IN_FRAMEWORK_HEADER = YES;
				CLANG_WARN_RANGE_LOOP_ANALYSIS = YES;
				CLANG_WARN_STRICT_PROTOTYPES = YES;
				CLANG_WARN_SUSPICIOUS_MOVE = YES;
				CLANG_WARN_UNGUARDED_AVAILABILITY = YES_AGGRESSIVE;
				CLANG_WARN_UNREACHABLE_CODE = YES;
				CLANG_WARN__DUPLICATE_METHOD_MATCH = YES;
				COPY_PHASE_STRIP = NO;
				DEBUG_INFORMATION_FORMAT = "dwarf-with-dsym";
				ENABLE_NS_ASSERTIONS = NO;
				ENABLE_STRICT_OBJC_MSGSEND = YES;
				GCC_C_LANGUAGE_STANDARD = gnu11;
				GCC_NO_COMMON_BLOCKS = YES;
				GCC_WARN_64_TO_32_BIT_CONVERSION = YES;
				GCC_WARN_ABOUT_RETURN_TYPE = YES_ERROR;
				GCC_WARN_UNDECLARED_SELECTOR = YES;
				GCC_WARN_UNINITIALIZED_AUTOS = YES_AGGRESSIVE;
				GCC_WARN_UNUSED_FUNCTION = YES;
				GCC_WARN_UNUSED_VARIABLE = YES;
				IPHONEOS_DEPLOYMENT_TARGET = 16.0;
				MTL_ENABLE_DEBUG_INFO = NO;
				MTL_FAST_MATH = YES;
				SDKROOT = iphoneos;
				SWIFT_COMPILATION_MODE = wholemodule;
				SWIFT_OPTIMIZATION_LEVEL = "-O";
				VALIDATE_PRODUCT = YES;
			};
			name = Release;
		};
		2E33A0D629081AB600A88067 /* Debug */ = {
			isa = XCBuildConfiguration;
			buildSettings = {
				ASSETCATALOG_COMPILER_APPICON_NAME = AppIcon;
				ASSETCATALOG_COMPILER_GLOBAL_ACCENT_COLOR_NAME = AccentColor;
				CODE_SIGN_STYLE = Automatic;
				CURRENT_PROJECT_VERSION = 1;
				DEVELOPMENT_TEAM = 34GKX882TW;
				GENERATE_INFOPLIST_FILE = YES;
				INFOPLIST_FILE = HaberProjesi/Info.plist;
				INFOPLIST_KEY_UIApplicationSupportsIndirectInputEvents = YES;
				INFOPLIST_KEY_UILaunchStoryboardName = LaunchScreen;
				INFOPLIST_KEY_UIMainStoryboardFile = Main;
				INFOPLIST_KEY_UISupportedInterfaceOrientations_iPad = "UIInterfaceOrientationPortrait UIInterfaceOrientationPortraitUpsideDown UIInterfaceOrientationLandscapeLeft UIInterfaceOrientationLandscapeRight";
				INFOPLIST_KEY_UISupportedInterfaceOrientations_iPhone = "UIInterfaceOrientationPortrait UIInterfaceOrientationLandscapeLeft UIInterfaceOrientationLandscapeRight";
				LD_RUNPATH_SEARCH_PATHS = (
					"$(inherited)",
					"@executable_path/Frameworks",
				);
				MARKETING_VERSION = 1.0;
				PRODUCT_BUNDLE_IDENTIFIER = com.muhammedgul.HaberProjesi;
				PRODUCT_NAME = "$(TARGET_NAME)";
				SWIFT_EMIT_LOC_STRINGS = YES;
				SWIFT_VERSION = 5.0;
				TARGETED_DEVICE_FAMILY = "1,2";
			};
			name = Debug;
		};
		2E33A0D729081AB600A88067 /* Release */ = {
			isa = XCBuildConfiguration;
			buildSettings = {
				ASSETCATALOG_COMPILER_APPICON_NAME = AppIcon;
				ASSETCATALOG_COMPILER_GLOBAL_ACCENT_COLOR_NAME = AccentColor;
				CODE_SIGN_STYLE = Automatic;
				CURRENT_PROJECT_VERSION = 1;
				DEVELOPMENT_TEAM = 34GKX882TW;
				GENERATE_INFOPLIST_FILE = YES;
				INFOPLIST_FILE = HaberProjesi/Info.plist;
				INFOPLIST_KEY_UIApplicationSupportsIndirectInputEvents = YES;
				INFOPLIST_KEY_UILaunchStoryboardName = LaunchScreen;
				INFOPLIST_KEY_UIMainStoryboardFile = Main;
				INFOPLIST_KEY_UISupportedInterfaceOrientations_iPad = "UIInterfaceOrientationPortrait UIInterfaceOrientationPortraitUpsideDown UIInterfaceOrientationLandscapeLeft UIInterfaceOrientationLandscapeRight";
				INFOPLIST_KEY_UISupportedInterfaceOrientations_iPhone = "UIInterfaceOrientationPortrait UIInterfaceOrientationLandscapeLeft UIInterfaceOrientationLandscapeRight";
				LD_RUNPATH_SEARCH_PATHS = (
					"$(inherited)",
					"@executable_path/Frameworks",
				);
				MARKETING_VERSION = 1.0;
				PRODUCT_BUNDLE_IDENTIFIER = com.muhammedgul.HaberProjesi;
				PRODUCT_NAME = "$(TARGET_NAME)";
				SWIFT_EMIT_LOC_STRINGS = YES;
				SWIFT_VERSION = 5.0;
				TARGETED_DEVICE_FAMILY = "1,2";
			};
			name = Release;
		};
/* End XCBuildConfiguration section */

/* Begin XCConfigurationList section */
		2E33A0BC29081AB600A88067 /* Build configuration list for PBXProject "HaberProjesi" */ = {
			isa = XCConfigurationList;
			buildConfigurations = (
				2E33A0D329081AB600A88067 /* Debug */,
				2E33A0D429081AB600A88067 /* Release */,
			);
			defaultConfigurationIsVisible = 0;
			defaultConfigurationName = Release;
		};
		2E33A0D529081AB600A88067 /* Build configuration list for PBXNativeTarget "HaberProjesi" */ = {
			isa = XCConfigurationList;
			buildConfigurations = (
				2E33A0D629081AB600A88067 /* Debug */,
				2E33A0D729081AB600A88067 /* Release */,
			);
			defaultConfigurationIsVisible = 0;
			defaultConfigurationName = Release;
		};
/* End XCConfigurationList section */
	};
	rootObject = 2E33A0B929081AB600A88067 /* Project object */;
}
